
Microsoft Visual Studio Solution File, Format Version 12.00
# Visual Studio Version 17
VisualStudioVersion = 17.14.36401.2 d17.14
MinimumVisualStudioVersion = 10.0.40219.1
Project("{FAE04EC0-301F-11D3-BF4B-00C04F79EFBC}") = "RoldanWPFapp", "RoldanWPFapp\RoldanWPFapp.csproj", "{1F0A5FF9-66CF-4695-A9F8-C3C80D8DB3F4}"
EndProject
Global
	GlobalSection(SolutionConfigurationPlatforms) = preSolution
		Debug|Any CPU = Debug|Any CPU
		Release|Any CPU = Release|Any CPU
	EndGlobalSection
	GlobalSection(ProjectConfigurationPlatforms) = postSolution
		{1F0A5FF9-66CF-4695-A9F8-C3C80D8DB3F4}.Debug|Any CPU.ActiveCfg = Debug|Any CPU
		{1F0A5FF9-66CF-4695-A9F8-C3C80D8DB3F4}.Debug|Any CPU.Build.0 = Debug|Any CPU
		{1F0A5FF9-66CF-4695-A9F8-C3C80D8DB3F4}.Release|Any CPU.ActiveCfg = Release|Any CPU
		{1F0A5FF9-66CF-4695-A9F8-C3C80D8DB3F4}.Release|Any CPU.Build.0 = Release|Any CPU
	EndGlobalSection
	GlobalSection(SolutionProperties) = preSolution
		HideSolutionNode = FALSE
	EndGlobalSection
	GlobalSection(ExtensibilityGlobals) = postSolution
		SolutionGuid = {9A614973-5A5E-4B1A-886A-C6021ADE523B}
	EndGlobalSection
EndGlobal
